
Microsoft Visual Studio Solution File, Format Version 12.00
# Visual Studio Version 17
VisualStudioVersion = 17.0.32112.339
MinimumVisualStudioVersion = 10.0.40219.1
Project("{2150E333-8FDC-42A3-9474-1A3956D46DE8}") = "core", "core", "{0154802D-451D-46CE-9ADC-3C5B66709907}"
EndProject
Project("{9A19103F-16F7-4668-BE54-9A1E7A4F7556}") = "App.Service", "App.Service\App.Service.csproj", "{8B2523FD-FF34-440F-A94B-5AEDC90D2711}"
EndProject
Project("{9A19103F-16F7-4668-BE54-9A1E7A4F7556}") = "App.EntityMapper", "App.EntityMapper\App.EntityMapper.csproj", "{D2C6E182-9A1E-4AAD-AE3C-919BA0B8DA8E}"
EndProject
Project("{9A19103F-16F7-4668-BE54-9A1E7A4F7556}") = "App.MVP", "App.MVP\App.MVP.csproj", "{ED025CE9-6589-4987-A751-1A29A020E345}"
EndProject
Project("{9A19103F-16F7-4668-BE54-9A1E7A4F7556}") = "App.Core", "App.Core\App.Core.csproj", "{DBC10BF7-4005-42A7-BD8A-B14F3C9191C0}"
EndProject
Project("{9A19103F-16F7-4668-BE54-9A1E7A4F7556}") = "App.DataAccess", "App.DataAccess\App.DataAccess.csproj", "{67FBD446-4116-4A40-87B6-74651E3F27FE}"
EndProject
Project("{9A19103F-16F7-4668-BE54-9A1E7A4F7556}") = "App.Domain", "App.Domain\App.Domain.csproj", "{583177DF-55B3-44FB-B4D6-FAE8E6E8CA48}"
EndProject
Project("{9A19103F-16F7-4668-BE54-9A1E7A4F7556}") = "App.DTOs", "App.DTOs\App.DTOs.csproj", "{8EDDD834-FB2F-4C97-AC58-3CA5FF4569CB}"
EndProject
Project("{9A19103F-16F7-4668-BE54-9A1E7A4F7556}") = "App.SQLManagement", "App.SQLManagement\App.SQLManagement.csproj", "{FB83FD90-8FEC-4D6A-8386-6703B44D5D2E}"
EndProject
Global
	GlobalSection(SolutionConfigurationPlatforms) = preSolution
		Debug|Any CPU = Debug|Any CPU
		Release|Any CPU = Release|Any CPU
	EndGlobalSection
	GlobalSection(ProjectConfigurationPlatforms) = postSolution
		{8B2523FD-FF34-440F-A94B-5AEDC90D2711}.Debug|Any CPU.ActiveCfg = Debug|Any CPU
		{8B2523FD-FF34-440F-A94B-5AEDC90D2711}.Debug|Any CPU.Build.0 = Debug|Any CPU
		{8B2523FD-FF34-440F-A94B-5AEDC90D2711}.Release|Any CPU.ActiveCfg = Release|Any CPU
		{8B2523FD-FF34-440F-A94B-5AEDC90D2711}.Release|Any CPU.Build.0 = Release|Any CPU
		{D2C6E182-9A1E-4AAD-AE3C-919BA0B8DA8E}.Debug|Any CPU.ActiveCfg = Debug|Any CPU
		{D2C6E182-9A1E-4AAD-AE3C-919BA0B8DA8E}.Debug|Any CPU.Build.0 = Debug|Any CPU
		{D2C6E182-9A1E-4AAD-AE3C-919BA0B8DA8E}.Release|Any CPU.ActiveCfg = Release|Any CPU
		{D2C6E182-9A1E-4AAD-AE3C-919BA0B8DA8E}.Release|Any CPU.Build.0 = Release|Any CPU
		{ED025CE9-6589-4987-A751-1A29A020E345}.Debug|Any CPU.ActiveCfg = Debug|Any CPU
		{ED025CE9-6589-4987-A751-1A29A020E345}.Debug|Any CPU.Build.0 = Debug|Any CPU
		{ED025CE9-6589-4987-A751-1A29A020E345}.Release|Any CPU.ActiveCfg = Release|Any CPU
		{ED025CE9-6589-4987-A751-1A29A020E345}.Release|Any CPU.Build.0 = Release|Any CPU
		{DBC10BF7-4005-42A7-BD8A-B14F3C9191C0}.Debug|Any CPU.ActiveCfg = Debug|Any CPU
		{DBC10BF7-4005-42A7-BD8A-B14F3C9191C0}.Debug|Any CPU.Build.0 = Debug|Any CPU
		{DBC10BF7-4005-42A7-BD8A-B14F3C9191C0}.Release|Any CPU.ActiveCfg = Release|Any CPU
		{DBC10BF7-4005-42A7-BD8A-B14F3C9191C0}.Release|Any CPU.Build.0 = Release|Any CPU
		{67FBD446-4116-4A40-87B6-74651E3F27FE}.Debug|Any CPU.ActiveCfg = Debug|Any CPU
		{67FBD446-4116-4A40-87B6-74651E3F27FE}.Debug|Any CPU.Build.0 = Debug|Any CPU
		{67FBD446-4116-4A40-87B6-74651E3F27FE}.Release|Any CPU.ActiveCfg = Release|Any CPU
		{67FBD446-4116-4A40-87B6-74651E3F27FE}.Release|Any CPU.Build.0 = Release|Any CPU
		{583177DF-55B3-44FB-B4D6-FAE8E6E8CA48}.Debug|Any CPU.ActiveCfg = Debug|Any CPU
		{583177DF-55B3-44FB-B4D6-FAE8E6E8CA48}.Debug|Any CPU.Build.0 = Debug|Any CPU
		{583177DF-55B3-44FB-B4D6-FAE8E6E8CA48}.Release|Any CPU.ActiveCfg = Release|Any CPU
		{583177DF-55B3-44FB-B4D6-FAE8E6E8CA48}.Release|Any CPU.Build.0 = Release|Any CPU
		{8EDDD834-FB2F-4C97-AC58-3CA5FF4569CB}.Debug|Any CPU.ActiveCfg = Debug|Any CPU
		{8EDDD834-FB2F-4C97-AC58-3CA5FF4569CB}.Debug|Any CPU.Build.0 = Debug|Any CPU
		{8EDDD834-FB2F-4C97-AC58-3CA5FF4569CB}.Release|Any CPU.ActiveCfg = Release|Any CPU
		{8EDDD834-FB2F-4C97-AC58-3CA5FF4569CB}.Release|Any CPU.Build.0 = Release|Any CPU
		{FB83FD90-8FEC-4D6A-8386-6703B44D5D2E}.Debug|Any CPU.ActiveCfg = Debug|Any CPU
		{FB83FD90-8FEC-4D6A-8386-6703B44D5D2E}.Debug|Any CPU.Build.0 = Debug|Any CPU
		{FB83FD90-8FEC-4D6A-8386-6703B44D5D2E}.Release|Any CPU.ActiveCfg = Release|Any CPU
		{FB83FD90-8FEC-4D6A-8386-6703B44D5D2E}.Release|Any CPU.Build.0 = Release|Any CPU
	EndGlobalSection
	GlobalSection(SolutionProperties) = preSolution
		HideSolutionNode = FALSE
	EndGlobalSection
	GlobalSection(NestedProjects) = preSolution
		{D2C6E182-9A1E-4AAD-AE3C-919BA0B8DA8E} = {0154802D-451D-46CE-9ADC-3C5B66709907}
		{DBC10BF7-4005-42A7-BD8A-B14F3C9191C0} = {0154802D-451D-46CE-9ADC-3C5B66709907}
		{67FBD446-4116-4A40-87B6-74651E3F27FE} = {0154802D-451D-46CE-9ADC-3C5B66709907}
		{583177DF-55B3-44FB-B4D6-FAE8E6E8CA48} = {0154802D-451D-46CE-9ADC-3C5B66709907}
		{8EDDD834-FB2F-4C97-AC58-3CA5FF4569CB} = {0154802D-451D-46CE-9ADC-3C5B66709907}
		{FB83FD90-8FEC-4D6A-8386-6703B44D5D2E} = {0154802D-451D-46CE-9ADC-3C5B66709907}
	EndGlobalSection
	GlobalSection(ExtensibilityGlobals) = postSolution
		SolutionGuid = {EACE8050-D7B6-4B49-9F95-0D61C8B69D68}
	EndGlobalSection
EndGlobal
