
Microsoft Visual Studio Solution File, Format Version 12.00
# Visual Studio Version 17
VisualStudioVersion = 17.0.32112.339
MinimumVisualStudioVersion = 10.0.40219.1
Project("{9A19103F-16F7-4668-BE54-9A1E7A4F7556}") = "App.MVP", "..\App.MVP\App.MVP.csproj", "{DD8558C5-522B-472C-B964-390E42627A7B}"
EndProject
Project("{2150E333-8FDC-42A3-9474-1A3956D46DE8}") = "core", "core", "{0154802D-451D-46CE-9ADC-3C5B66709907}"
EndProject
Project("{9A19103F-16F7-4668-BE54-9A1E7A4F7556}") = "App.Core", "..\App.Core\App.Core.csproj", "{833BCE37-FBE1-49C1-BA38-F74C5876DFAE}"
EndProject
Project("{9A19103F-16F7-4668-BE54-9A1E7A4F7556}") = "App.DataAccess", "..\App.DataAccess\App.DataAccess.csproj", "{6B5EB7F4-AC78-41A8-9DC6-67C67A0CD584}"
EndProject
Project("{9A19103F-16F7-4668-BE54-9A1E7A4F7556}") = "App.Domain", "..\App.Domain\App.Domain.csproj", "{40E12EBC-8E69-484F-8670-339CA621B9E9}"
EndProject
Project("{9A19103F-16F7-4668-BE54-9A1E7A4F7556}") = "App.DTOs", "..\App.DTOs\App.DTOs.csproj", "{6ABB14AC-FA4B-487E-8720-348E9E9C244E}"
EndProject
Project("{9A19103F-16F7-4668-BE54-9A1E7A4F7556}") = "App.SQLManagement", "..\App.SQLManagement\App.SQLManagement.csproj", "{4FF17DE5-FC8A-4459-9DDE-5591CBDFADF9}"
EndProject
Project("{9A19103F-16F7-4668-BE54-9A1E7A4F7556}") = "App.Service", "App.Service\App.Service.csproj", "{8B2523FD-FF34-440F-A94B-5AEDC90D2711}"
EndProject
Project("{FAE04EC0-301F-11D3-BF4B-00C04F79EFBC}") = "App.EntityMapper", "App.EntityMapper\App.EntityMapper.csproj", "{D2C6E182-9A1E-4AAD-AE3C-919BA0B8DA8E}"
EndProject
Global
	GlobalSection(SolutionConfigurationPlatforms) = preSolution
		Debug|Any CPU = Debug|Any CPU
		Release|Any CPU = Release|Any CPU
	EndGlobalSection
	GlobalSection(ProjectConfigurationPlatforms) = postSolution
		{DD8558C5-522B-472C-B964-390E42627A7B}.Debug|Any CPU.ActiveCfg = Debug|Any CPU
		{DD8558C5-522B-472C-B964-390E42627A7B}.Debug|Any CPU.Build.0 = Debug|Any CPU
		{DD8558C5-522B-472C-B964-390E42627A7B}.Release|Any CPU.ActiveCfg = Release|Any CPU
		{DD8558C5-522B-472C-B964-390E42627A7B}.Release|Any CPU.Build.0 = Release|Any CPU
		{833BCE37-FBE1-49C1-BA38-F74C5876DFAE}.Debug|Any CPU.ActiveCfg = Debug|Any CPU
		{833BCE37-FBE1-49C1-BA38-F74C5876DFAE}.Debug|Any CPU.Build.0 = Debug|Any CPU
		{833BCE37-FBE1-49C1-BA38-F74C5876DFAE}.Release|Any CPU.ActiveCfg = Release|Any CPU
		{833BCE37-FBE1-49C1-BA38-F74C5876DFAE}.Release|Any CPU.Build.0 = Release|Any CPU
		{6B5EB7F4-AC78-41A8-9DC6-67C67A0CD584}.Debug|Any CPU.ActiveCfg = Debug|Any CPU
		{6B5EB7F4-AC78-41A8-9DC6-67C67A0CD584}.Debug|Any CPU.Build.0 = Debug|Any CPU
		{6B5EB7F4-AC78-41A8-9DC6-67C67A0CD584}.Release|Any CPU.ActiveCfg = Release|Any CPU
		{6B5EB7F4-AC78-41A8-9DC6-67C67A0CD584}.Release|Any CPU.Build.0 = Release|Any CPU
		{40E12EBC-8E69-484F-8670-339CA621B9E9}.Debug|Any CPU.ActiveCfg = Debug|Any CPU
		{40E12EBC-8E69-484F-8670-339CA621B9E9}.Debug|Any CPU.Build.0 = Debug|Any CPU
		{40E12EBC-8E69-484F-8670-339CA621B9E9}.Release|Any CPU.ActiveCfg = Release|Any CPU
		{40E12EBC-8E69-484F-8670-339CA621B9E9}.Release|Any CPU.Build.0 = Release|Any CPU
		{6ABB14AC-FA4B-487E-8720-348E9E9C244E}.Debug|Any CPU.ActiveCfg = Debug|Any CPU
		{6ABB14AC-FA4B-487E-8720-348E9E9C244E}.Debug|Any CPU.Build.0 = Debug|Any CPU
		{6ABB14AC-FA4B-487E-8720-348E9E9C244E}.Release|Any CPU.ActiveCfg = Release|Any CPU
		{6ABB14AC-FA4B-487E-8720-348E9E9C244E}.Release|Any CPU.Build.0 = Release|Any CPU
		{4FF17DE5-FC8A-4459-9DDE-5591CBDFADF9}.Debug|Any CPU.ActiveCfg = Debug|Any CPU
		{4FF17DE5-FC8A-4459-9DDE-5591CBDFADF9}.Debug|Any CPU.Build.0 = Debug|Any CPU
		{4FF17DE5-FC8A-4459-9DDE-5591CBDFADF9}.Release|Any CPU.ActiveCfg = Release|Any CPU
		{4FF17DE5-FC8A-4459-9DDE-5591CBDFADF9}.Release|Any CPU.Build.0 = Release|Any CPU
		{8B2523FD-FF34-440F-A94B-5AEDC90D2711}.Debug|Any CPU.ActiveCfg = Debug|Any CPU
		{8B2523FD-FF34-440F-A94B-5AEDC90D2711}.Debug|Any CPU.Build.0 = Debug|Any CPU
		{8B2523FD-FF34-440F-A94B-5AEDC90D2711}.Release|Any CPU.ActiveCfg = Release|Any CPU
		{8B2523FD-FF34-440F-A94B-5AEDC90D2711}.Release|Any CPU.Build.0 = Release|Any CPU
		{D2C6E182-9A1E-4AAD-AE3C-919BA0B8DA8E}.Debug|Any CPU.ActiveCfg = Debug|Any CPU
		{D2C6E182-9A1E-4AAD-AE3C-919BA0B8DA8E}.Debug|Any CPU.Build.0 = Debug|Any CPU
		{D2C6E182-9A1E-4AAD-AE3C-919BA0B8DA8E}.Release|Any CPU.ActiveCfg = Release|Any CPU
		{D2C6E182-9A1E-4AAD-AE3C-919BA0B8DA8E}.Release|Any CPU.Build.0 = Release|Any CPU
	EndGlobalSection
	GlobalSection(SolutionProperties) = preSolution
		HideSolutionNode = FALSE
	EndGlobalSection
	GlobalSection(NestedProjects) = preSolution
		{833BCE37-FBE1-49C1-BA38-F74C5876DFAE} = {0154802D-451D-46CE-9ADC-3C5B66709907}
		{6B5EB7F4-AC78-41A8-9DC6-67C67A0CD584} = {0154802D-451D-46CE-9ADC-3C5B66709907}
		{40E12EBC-8E69-484F-8670-339CA621B9E9} = {0154802D-451D-46CE-9ADC-3C5B66709907}
		{6ABB14AC-FA4B-487E-8720-348E9E9C244E} = {0154802D-451D-46CE-9ADC-3C5B66709907}
		{4FF17DE5-FC8A-4459-9DDE-5591CBDFADF9} = {0154802D-451D-46CE-9ADC-3C5B66709907}
		{D2C6E182-9A1E-4AAD-AE3C-919BA0B8DA8E} = {0154802D-451D-46CE-9ADC-3C5B66709907}
	EndGlobalSection
	GlobalSection(ExtensibilityGlobals) = postSolution
		SolutionGuid = {EACE8050-D7B6-4B49-9F95-0D61C8B69D68}
	EndGlobalSection
EndGlobal
